// !$*UTF8*$!
{
	archiveVersion = 1;
	classes = {
	};
	objectVersion = 56;
	objects = {

/* Begin PBXBuildFile section */
		22D98A802CBE5ADD007AE3B3 /* AppDelegate.m in Sources */ = {isa = PBXBuildFile; fileRef = 22D98A7F2CBE5ADD007AE3B3 /* AppDelegate.m */; };
		22D98A862CBE5ADD007AE3B3 /* ViewController.m in Sources */ = {isa = PBXBuildFile; fileRef = 22D98A852CBE5ADD007AE3B3 /* ViewController.m */; };
		22D98A892CBE5ADD007AE3B3 /* Main.storyboard in Resources */ = {isa = PBXBuildFile; fileRef = 22D98A872CBE5ADD007AE3B3 /* Main.storyboard */; };
		22D98A8B2CBE5AE0007AE3B3 /* Assets.xcassets in Resources */ = {isa = PBXBuildFile; fileRef = 22D98A8A2CBE5AE0007AE3B3 /* Assets.xcassets */; };
		22D98A8E2CBE5AE0007AE3B3 /* LaunchScreen.storyboard in Resources */ = {isa = PBXBuildFile; fileRef = 22D98A8C2CBE5AE0007AE3B3 /* LaunchScreen.storyboard */; };
		22D98A912CBE5AE0007AE3B3 /* main.m in Sources */ = {isa = PBXBuildFile; fileRef = 22D98A902CBE5AE0007AE3B3 /* main.m */; };
		22D98A992CBE5B85007AE3B3 /* UIImage+Color.m in Sources */ = {isa = PBXBuildFile; fileRef = 22D98A982CBE5B85007AE3B3 /* UIImage+Color.m */; };
		A292D9870F7FC6CDC3EBCEC5 /* libPods-MMPhotoPickerPodDemo.a in Frameworks */ = {isa = PBXBuildFile; fileRef = C6B27A78140C17DF341BA4D3 /* libPods-MMPhotoPickerPodDemo.a */; };
/* End PBXBuildFile section */

/* Begin PBXFileReference section */
		22D98A7B2CBE5ADD007AE3B3 /* MMPhotoPickerPodDemo.app */ = {isa = PBXFileReference; explicitFileType = wrapper.application; includeInIndex = 0; path = MMPhotoPickerPodDemo.app; sourceTree = BUILT_PRODUCTS_DIR; };
		22D98A7E2CBE5ADD007AE3B3 /* AppDelegate.h */ = {isa = PBXFileReference; lastKnownFileType = sourcecode.c.h; path = AppDelegate.h; sourceTree = "<group>"; };
		22D98A7F2CBE5ADD007AE3B3 /* AppDelegate.m */ = {isa = PBXFileReference; lastKnownFileType = sourcecode.c.objc; path = AppDelegate.m; sourceTree = "<group>"; };
		22D98A842CBE5ADD007AE3B3 /* ViewController.h */ = {isa = PBXFileReference; lastKnownFileType = sourcecode.c.h; path = ViewController.h; sourceTree = "<group>"; };
		22D98A852CBE5ADD007AE3B3 /* ViewController.m */ = {isa = PBXFileReference; lastKnownFileType = sourcecode.c.objc; path = ViewController.m; sourceTree = "<group>"; };
		22D98A882CBE5ADD007AE3B3 /* Base */ = {isa = PBXFileReference; lastKnownFileType = file.storyboard; name = Base; path = Base.lproj/Main.storyboard; sourceTree = "<group>"; };
		22D98A8A2CBE5AE0007AE3B3 /* Assets.xcassets */ = {isa = PBXFileReference; lastKnownFileType = folder.assetcatalog; path = Assets.xcassets; sourceTree = "<group>"; };
		22D98A8D2CBE5AE0007AE3B3 /* Base */ = {isa = PBXFileReference; lastKnownFileType = file.storyboard; name = Base; path = Base.lproj/LaunchScreen.storyboard; sourceTree = "<group>"; };
		22D98A8F2CBE5AE0007AE3B3 /* Info.plist */ = {isa = PBXFileReference; lastKnownFileType = text.plist.xml; path = Info.plist; sourceTree = "<group>"; };
		22D98A902CBE5AE0007AE3B3 /* main.m */ = {isa = PBXFileReference; lastKnownFileType = sourcecode.c.objc; path = main.m; sourceTree = "<group>"; };
		22D98A972CBE5B85007AE3B3 /* UIImage+Color.h */ = {isa = PBXFileReference; fileEncoding = 4; lastKnownFileType = sourcecode.c.h; path = "UIImage+Color.h"; sourceTree = "<group>"; };
		22D98A982CBE5B85007AE3B3 /* UIImage+Color.m */ = {isa = PBXFileReference; fileEncoding = 4; lastKnownFileType = sourcecode.c.objc; path = "UIImage+Color.m"; sourceTree = "<group>"; };
		3D219ACDD30C292B077AF0D5 /* Pods-MMPhotoPickerPodDemo.debug.xcconfig */ = {isa = PBXFileReference; includeInIndex = 1; lastKnownFileType = text.xcconfig; name = "Pods-MMPhotoPickerPodDemo.debug.xcconfig"; path = "Target Support Files/Pods-MMPhotoPickerPodDemo/Pods-MMPhotoPickerPodDemo.debug.xcconfig"; sourceTree = "<group>"; };
		ADE3E5037BEB65C4D675CBBC /* Pods-MMPhotoPickerPodDemo.release.xcconfig */ = {isa = PBXFileReference; includeInIndex = 1; lastKnownFileType = text.xcconfig; name = "Pods-MMPhotoPickerPodDemo.release.xcconfig"; path = "Target Support Files/Pods-MMPhotoPickerPodDemo/Pods-MMPhotoPickerPodDemo.release.xcconfig"; sourceTree = "<group>"; };
		C6B27A78140C17DF341BA4D3 /* libPods-MMPhotoPickerPodDemo.a */ = {isa = PBXFileReference; explicitFileType = archive.ar; includeInIndex = 0; path = "libPods-MMPhotoPickerPodDemo.a"; sourceTree = BUILT_PRODUCTS_DIR; };
/* End PBXFileReference section */

/* Begin PBXFrameworksBuildPhase section */
		22D98A782CBE5ADD007AE3B3 /* Frameworks */ = {
			isa = PBXFrameworksBuildPhase;
			buildActionMask = 2147483647;
			files = (
				A292D9870F7FC6CDC3EBCEC5 /* libPods-MMPhotoPickerPodDemo.a in Frameworks */,
			);
			runOnlyForDeploymentPostprocessing = 0;
		};
/* End PBXFrameworksBuildPhase section */

/* Begin PBXGroup section */
		22D98A722CBE5ADD007AE3B3 = {
			isa = PBXGroup;
			children = (
				22D98A7D2CBE5ADD007AE3B3 /* MMPhotoPickerPodDemo */,
				22D98A7C2CBE5ADD007AE3B3 /* Products */,
				83F9DC8047422A41CE65A951 /* Pods */,
				74174584F0FE669C47157FE3 /* Frameworks */,
			);
			sourceTree = "<group>";
		};
		22D98A7C2CBE5ADD007AE3B3 /* Products */ = {
			isa = PBXGroup;
			children = (
				22D98A7B2CBE5ADD007AE3B3 /* MMPhotoPickerPodDemo.app */,
			);
			name = Products;
			sourceTree = "<group>";
		};
		22D98A7D2CBE5ADD007AE3B3 /* MMPhotoPickerPodDemo */ = {
			isa = PBXGroup;
			children = (
				22D98A7E2CBE5ADD007AE3B3 /* AppDelegate.h */,
				22D98A7F2CBE5ADD007AE3B3 /* AppDelegate.m */,
				22D98A842CBE5ADD007AE3B3 /* ViewController.h */,
				22D98A852CBE5ADD007AE3B3 /* ViewController.m */,
				22D98A972CBE5B85007AE3B3 /* UIImage+Color.h */,
				22D98A982CBE5B85007AE3B3 /* UIImage+Color.m */,
				22D98A9A2CBE5B97007AE3B3 /* Supporting Files */,
			);
			path = MMPhotoPickerPodDemo;
			sourceTree = "<group>";
		};
		22D98A9A2CBE5B97007AE3B3 /* Supporting Files */ = {
			isa = PBXGroup;
			children = (
				22D98A872CBE5ADD007AE3B3 /* Main.storyboard */,
				22D98A8A2CBE5AE0007AE3B3 /* Assets.xcassets */,
				22D98A8C2CBE5AE0007AE3B3 /* LaunchScreen.storyboard */,
				22D98A8F2CBE5AE0007AE3B3 /* Info.plist */,
				22D98A902CBE5AE0007AE3B3 /* main.m */,
			);
			name = "Supporting Files";
			sourceTree = "<group>";
		};
		74174584F0FE669C47157FE3 /* Frameworks */ = {
			isa = PBXGroup;
			children = (
				C6B27A78140C17DF341BA4D3 /* libPods-MMPhotoPickerPodDemo.a */,
			);
			name = Frameworks;
			sourceTree = "<group>";
		};
		83F9DC8047422A41CE65A951 /* Pods */ = {
			isa = PBXGroup;
			children = (
				3D219ACDD30C292B077AF0D5 /* Pods-MMPhotoPickerPodDemo.debug.xcconfig */,
				ADE3E5037BEB65C4D675CBBC /* Pods-MMPhotoPickerPodDemo.release.xcconfig */,
			);
			path = Pods;
			sourceTree = "<group>";
		};
/* End PBXGroup section */

/* Begin PBXNativeTarget section */
		22D98A7A2CBE5ADD007AE3B3 /* MMPhotoPickerPodDemo */ = {
			isa = PBXNativeTarget;
			buildConfigurationList = 22D98A942CBE5AE0007AE3B3 /* Build configuration list for PBXNativeTarget "MMPhotoPickerPodDemo" */;
			buildPhases = (
				65DFADBCDE5B27C2A109FC52 /* [CP] Check Pods Manifest.lock */,
				22D98A772CBE5ADD007AE3B3 /* Sources */,
				22D98A782CBE5ADD007AE3B3 /* Frameworks */,
				22D98A792CBE5ADD007AE3B3 /* Resources */,
				F758493BCE4B3987BC35F8DD /* [CP] Copy Pods Resources */,
			);
			buildRules = (
			);
			dependencies = (
			);
			name = MMPhotoPickerPodDemo;
			productName = MMPhotoPickerPodDemo;
			productReference = 22D98A7B2CBE5ADD007AE3B3 /* MMPhotoPickerPodDemo.app */;
			productType = "com.apple.product-type.application";
		};
/* End PBXNativeTarget section */

/* Begin PBXProject section */
		22D98A732CBE5ADD007AE3B3 /* Project object */ = {
			isa = PBXProject;
			attributes = {
				BuildIndependentTargetsInParallel = 1;
				LastUpgradeCheck = 1420;
				TargetAttributes = {
					22D98A7A2CBE5ADD007AE3B3 = {
						CreatedOnToolsVersion = 14.2;
					};
				};
			};
			buildConfigurationList = 22D98A762CBE5ADD007AE3B3 /* Build configuration list for PBXProject "MMPhotoPickerPodDemo" */;
			compatibilityVersion = "Xcode 14.0";
			developmentRegion = en;
			hasScannedForEncodings = 0;
			knownRegions = (
				en,
				Base,
			);
			mainGroup = 22D98A722CBE5ADD007AE3B3;
			productRefGroup = 22D98A7C2CBE5ADD007AE3B3 /* Products */;
			projectDirPath = "";
			projectRoot = "";
			targets = (
				22D98A7A2CBE5ADD007AE3B3 /* MMPhotoPickerPodDemo */,
			);
		};
/* End PBXProject section */

/* Begin PBXResourcesBuildPhase section */
		22D98A792CBE5ADD007AE3B3 /* Resources */ = {
			isa = PBXResourcesBuildPhase;
			buildActionMask = 2147483647;
			files = (
				22D98A8E2CBE5AE0007AE3B3 /* LaunchScreen.storyboard in Resources */,
				22D98A8B2CBE5AE0007AE3B3 /* Assets.xcassets in Resources */,
				22D98A892CBE5ADD007AE3B3 /* Main.storyboard in Resources */,
			);
			runOnlyForDeploymentPostprocessing = 0;
		};
/* End PBXResourcesBuildPhase section */

/* Begin PBXShellScriptBuildPhase section */
		65DFADBCDE5B27C2A109FC52 /* [CP] Check Pods Manifest.lock */ = {
			isa = PBXShellScriptBuildPhase;
			buildActionMask = 2147483647;
			files = (
			);
			inputFileListPaths = (
			);
			inputPaths = (
				"${PODS_PODFILE_DIR_PATH}/Podfile.lock",
				"${PODS_ROOT}/Manifest.lock",
			);
			name = "[CP] Check Pods Manifest.lock";
			outputFileListPaths = (
			);
			outputPaths = (
				"$(DERIVED_FILE_DIR)/Pods-MMPhotoPickerPodDemo-checkManifestLockResult.txt",
			);
			runOnlyForDeploymentPostprocessing = 0;
			shellPath = /bin/sh;
			shellScript = "diff \"${PODS_PODFILE_DIR_PATH}/Podfile.lock\" \"${PODS_ROOT}/Manifest.lock\" > /dev/null\nif [ $? != 0 ] ; then\n    # print error to STDERR\n    echo \"error: The sandbox is not in sync with the Podfile.lock. Run 'pod install' or update your CocoaPods installation.\" >&2\n    exit 1\nfi\n# This output is used by Xcode 'outputs' to avoid re-running this script phase.\necho \"SUCCESS\" > \"${SCRIPT_OUTPUT_FILE_0}\"\n";
			showEnvVarsInLog = 0;
		};
		F758493BCE4B3987BC35F8DD /* [CP] Copy Pods Resources */ = {
			isa = PBXShellScriptBuildPhase;
			buildActionMask = 2147483647;
			files = (
			);
			inputFileListPaths = (
			);
			name = "[CP] Copy Pods Resources";
			outputFileListPaths = (
			);
			runOnlyForDeploymentPostprocessing = 0;
			shellPath = /bin/sh;
			shellScript = "\"${PODS_ROOT}/Target Support Files/Pods-MMPhotoPickerPodDemo/Pods-MMPhotoPickerPodDemo-resources.sh\"\n";
			showEnvVarsInLog = 0;
		};
/* End PBXShellScriptBuildPhase section */

/* Begin PBXSourcesBuildPhase section */
		22D98A772CBE5ADD007AE3B3 /* Sources */ = {
			isa = PBXSourcesBuildPhase;
			buildActionMask = 2147483647;
			files = (
				22D98A862CBE5ADD007AE3B3 /* ViewController.m in Sources */,
				22D98A992CBE5B85007AE3B3 /* UIImage+Color.m in Sources */,
				22D98A802CBE5ADD007AE3B3 /* AppDelegate.m in Sources */,
				22D98A912CBE5AE0007AE3B3 /* main.m in Sources */,
			);
			runOnlyForDeploymentPostprocessing = 0;
		};
/* End PBXSourcesBuildPhase section */

/* Begin PBXVariantGroup section */
		22D98A872CBE5ADD007AE3B3 /* Main.storyboard */ = {
			isa = PBXVariantGroup;
			children = (
				22D98A882CBE5ADD007AE3B3 /* Base */,
			);
			name = Main.storyboard;
			sourceTree = "<group>";
		};
		22D98A8C2CBE5AE0007AE3B3 /* LaunchScreen.storyboard */ = {
			isa = PBXVariantGroup;
			children = (
				22D98A8D2CBE5AE0007AE3B3 /* Base */,
			);
			name = LaunchScreen.storyboard;
			sourceTree = "<group>";
		};
/* End PBXVariantGroup section */

/* Begin XCBuildConfiguration section */
		22D98A922CBE5AE0007AE3B3 /* Debug */ = {
			isa = XCBuildConfiguration;
			buildSettings = {
				ALWAYS_SEARCH_USER_PATHS = NO;
				CLANG_ANALYZER_NONNULL = YES;
				CLANG_ANALYZER_NUMBER_OBJECT_CONVERSION = YES_AGGRESSIVE;
				CLANG_CXX_LANGUAGE_STANDARD = "gnu++20";
				CLANG_ENABLE_MODULES = YES;
				CLANG_ENABLE_OBJC_ARC = YES;
				CLANG_ENABLE_OBJC_WEAK = YES;
				CLANG_WARN_BLOCK_CAPTURE_AUTORELEASING = YES;
				CLANG_WARN_BOOL_CONVERSION = YES;
				CLANG_WARN_COMMA = YES;
				CLANG_WARN_CONSTANT_CONVERSION = YES;
				CLANG_WARN_DEPRECATED_OBJC_IMPLEMENTATIONS = YES;
				CLANG_WARN_DIRECT_OBJC_ISA_USAGE = YES_ERROR;
				CLANG_WARN_DOCUMENTATION_COMMENTS = YES;
				CLANG_WARN_EMPTY_BODY = YES;
				CLANG_WARN_ENUM_CONVERSION = YES;
				CLANG_WARN_INFINITE_RECURSION = YES;
				CLANG_WARN_INT_CONVERSION = YES;
				CLANG_WARN_NON_LITERAL_NULL_CONVERSION = YES;
				CLANG_WARN_OBJC_IMPLICIT_RETAIN_SELF = YES;
				CLANG_WARN_OBJC_LITERAL_CONVERSION = YES;
				CLANG_WARN_OBJC_ROOT_CLASS = YES_ERROR;
				CLANG_WARN_QUOTED_INCLUDE_IN_FRAMEWORK_HEADER = YES;
				CLANG_WARN_RANGE_LOOP_ANALYSIS = YES;
				CLANG_WARN_STRICT_PROTOTYPES = YES;
				CLANG_WARN_SUSPICIOUS_MOVE = YES;
				CLANG_WARN_UNGUARDED_AVAILABILITY = YES_AGGRESSIVE;
				CLANG_WARN_UNREACHABLE_CODE = YES;
				CLANG_WARN__DUPLICATE_METHOD_MATCH = YES;
				COPY_PHASE_STRIP = NO;
				DEBUG_INFORMATION_FORMAT = dwarf;
				ENABLE_STRICT_OBJC_MSGSEND = YES;
				ENABLE_TESTABILITY = YES;
				GCC_C_LANGUAGE_STANDARD = gnu11;
				GCC_DYNAMIC_NO_PIC = NO;
				GCC_NO_COMMON_BLOCKS = YES;
				GCC_OPTIMIZATION_LEVEL = 0;
				GCC_PREPROCESSOR_DEFINITIONS = (
					"DEBUG=1",
					"$(inherited)",
				);
				GCC_WARN_64_TO_32_BIT_CONVERSION = YES;
				GCC_WARN_ABOUT_RETURN_TYPE = YES_ERROR;
				GCC_WARN_UNDECLARED_SELECTOR = YES;
				GCC_WARN_UNINITIALIZED_AUTOS = YES_AGGRESSIVE;
				GCC_WARN_UNUSED_FUNCTION = YES;
				GCC_WARN_UNUSED_VARIABLE = YES;
				IPHONEOS_DEPLOYMENT_TARGET = 11.0;
				MTL_ENABLE_DEBUG_INFO = INCLUDE_SOURCE;
				MTL_FAST_MATH = YES;
				ONLY_ACTIVE_ARCH = YES;
				SDKROOT = iphoneos;
			};
			name = Debug;
		};
		22D98A932CBE5AE0007AE3B3 /* Release */ = {
			isa = XCBuildConfiguration;
			buildSettings = {
				ALWAYS_SEARCH_USER_PATHS = NO;
				CLANG_ANALYZER_NONNULL = YES;
				CLANG_ANALYZER_NUMBER_OBJECT_CONVERSION = YES_AGGRESSIVE;
				CLANG_CXX_LANGUAGE_STANDARD = "gnu++20";
				CLANG_ENABLE_MODULES = YES;
				CLANG_ENABLE_OBJC_ARC = YES;
				CLANG_ENABLE_OBJC_WEAK = YES;
				CLANG_WARN_BLOCK_CAPTURE_AUTORELEASING = YES;
				CLANG_WARN_BOOL_CONVERSION = YES;
				CLANG_WARN_COMMA = YES;
				CLANG_WARN_CONSTANT_CONVERSION = YES;
				CLANG_WARN_DEPRECATED_OBJC_IMPLEMENTATIONS = YES;
				CLANG_WARN_DIRECT_OBJC_ISA_USAGE = YES_ERROR;
				CLANG_WARN_DOCUMENTATION_COMMENTS = YES;
				CLANG_WARN_EMPTY_BODY = YES;
				CLANG_WARN_ENUM_CONVERSION = YES;
				CLANG_WARN_INFINITE_RECURSION = YES;
				CLANG_WARN_INT_CONVERSION = YES;
				CLANG_WARN_NON_LITERAL_NULL_CONVERSION = YES;
				CLANG_WARN_OBJC_IMPLICIT_RETAIN_SELF = YES;
				CLANG_WARN_OBJC_LITERAL_CONVERSION = YES;
				CLANG_WARN_OBJC_ROOT_CLASS = YES_ERROR;
				CLANG_WARN_QUOTED_INCLUDE_IN_FRAMEWORK_HEADER = YES;
				CLANG_WARN_RANGE_LOOP_ANALYSIS = YES;
				CLANG_WARN_STRICT_PROTOTYPES = YES;
				CLANG_WARN_SUSPICIOUS_MOVE = YES;
				CLANG_WARN_UNGUARDED_AVAILABILITY = YES_AGGRESSIVE;
				CLANG_WARN_UNREACHABLE_CODE = YES;
				CLANG_WARN__DUPLICATE_METHOD_MATCH = YES;
				COPY_PHASE_STRIP = NO;
				DEBUG_INFORMATION_FORMAT = "dwarf-with-dsym";
				ENABLE_NS_ASSERTIONS = NO;
				ENABLE_STRICT_OBJC_MSGSEND = YES;
				GCC_C_LANGUAGE_STANDARD = gnu11;
				GCC_NO_COMMON_BLOCKS = YES;
				GCC_WARN_64_TO_32_BIT_CONVERSION = YES;
				GCC_WARN_ABOUT_RETURN_TYPE = YES_ERROR;
				GCC_WARN_UNDECLARED_SELECTOR = YES;
				GCC_WARN_UNINITIALIZED_AUTOS = YES_AGGRESSIVE;
				GCC_WARN_UNUSED_FUNCTION = YES;
				GCC_WARN_UNUSED_VARIABLE = YES;
				IPHONEOS_DEPLOYMENT_TARGET = 11.0;
				MTL_ENABLE_DEBUG_INFO = NO;
				MTL_FAST_MATH = YES;
				SDKROOT = iphoneos;
				VALIDATE_PRODUCT = YES;
			};
			name = Release;
		};
		22D98A952CBE5AE0007AE3B3 /* Debug */ = {
			isa = XCBuildConfiguration;
			baseConfigurationReference = 3D219ACDD30C292B077AF0D5 /* Pods-MMPhotoPickerPodDemo.debug.xcconfig */;
			buildSettings = {
				ASSETCATALOG_COMPILER_APPICON_NAME = AppIcon;
				ASSETCATALOG_COMPILER_GLOBAL_ACCENT_COLOR_NAME = AccentColor;
				CODE_SIGN_STYLE = Manual;
				CURRENT_PROJECT_VERSION = 1;
				DEVELOPMENT_TEAM = "";
				GENERATE_INFOPLIST_FILE = YES;
				INFOPLIST_FILE = MMPhotoPickerPodDemo/Info.plist;
				INFOPLIST_KEY_NSPhotoLibraryUsageDescription = "请开启相册权限";
				INFOPLIST_KEY_UIApplicationSupportsIndirectInputEvents = YES;
				INFOPLIST_KEY_UILaunchStoryboardName = LaunchScreen;
				INFOPLIST_KEY_UIMainStoryboardFile = Main;
				INFOPLIST_KEY_UIRequiredDeviceCapabilities = armv7;
				INFOPLIST_KEY_UISupportedInterfaceOrientations = UIInterfaceOrientationPortrait;
				INFOPLIST_KEY_UISupportedInterfaceOrientations_iPad = "UIInterfaceOrientationPortrait UIInterfaceOrientationPortraitUpsideDown UIInterfaceOrientationLandscapeLeft UIInterfaceOrientationLandscapeRight";
				INFOPLIST_KEY_UISupportedInterfaceOrientations_iPhone = "UIInterfaceOrientationPortrait UIInterfaceOrientationLandscapeLeft UIInterfaceOrientationLandscapeRight";
				IPHONEOS_DEPLOYMENT_TARGET = 11.0;
				LD_RUNPATH_SEARCH_PATHS = (
					"$(inherited)",
					"@executable_path/Frameworks",
				);
				MARKETING_VERSION = 1.0;
				PRODUCT_BUNDLE_IDENTIFIER = com.lea.MMPhotoPickerPodDemo;
				PRODUCT_NAME = "$(TARGET_NAME)";
				PROVISIONING_PROFILE_SPECIFIER = "";
				SWIFT_EMIT_LOC_STRINGS = YES;
				TARGETED_DEVICE_FAMILY = "1,2";
			};
			name = Debug;
		};
		22D98A962CBE5AE0007AE3B3 /* Release */ = {
			isa = XCBuildConfiguration;
			baseConfigurationReference = ADE3E5037BEB65C4D675CBBC /* Pods-MMPhotoPickerPodDemo.release.xcconfig */;
			buildSettings = {
				ASSETCATALOG_COMPILER_APPICON_NAME = AppIcon;
				ASSETCATALOG_COMPILER_GLOBAL_ACCENT_COLOR_NAME = AccentColor;
				CODE_SIGN_STYLE = Manual;
				CURRENT_PROJECT_VERSION = 1;
				DEVELOPMENT_TEAM = "";
				GENERATE_INFOPLIST_FILE = YES;
				INFOPLIST_FILE = MMPhotoPickerPodDemo/Info.plist;
				INFOPLIST_KEY_NSPhotoLibraryUsageDescription = "请开启相册权限";
				INFOPLIST_KEY_UIApplicationSupportsIndirectInputEvents = YES;
				INFOPLIST_KEY_UILaunchStoryboardName = LaunchScreen;
				INFOPLIST_KEY_UIMainStoryboardFile = Main;
				INFOPLIST_KEY_UIRequiredDeviceCapabilities = armv7;
				INFOPLIST_KEY_UISupportedInterfaceOrientations = UIInterfaceOrientationPortrait;
				INFOPLIST_KEY_UISupportedInterfaceOrientations_iPad = "UIInterfaceOrientationPortrait UIInterfaceOrientationPortraitUpsideDown UIInterfaceOrientationLandscapeLeft UIInterfaceOrientationLandscapeRight";
				INFOPLIST_KEY_UISupportedInterfaceOrientations_iPhone = "UIInterfaceOrientationPortrait UIInterfaceOrientationLandscapeLeft UIInterfaceOrientationLandscapeRight";
				IPHONEOS_DEPLOYMENT_TARGET = 11.0;
				LD_RUNPATH_SEARCH_PATHS = (
					"$(inherited)",
					"@executable_path/Frameworks",
				);
				MARKETING_VERSION = 1.0;
				PRODUCT_BUNDLE_IDENTIFIER = com.lea.MMPhotoPickerPodDemo;
				PRODUCT_NAME = "$(TARGET_NAME)";
				PROVISIONING_PROFILE_SPECIFIER = "";
				SWIFT_EMIT_LOC_STRINGS = YES;
				TARGETED_DEVICE_FAMILY = "1,2";
			};
			name = Release;
		};
/* End XCBuildConfiguration section */

/* Begin XCConfigurationList section */
		22D98A762CBE5ADD007AE3B3 /* Build configuration list for PBXProject "MMPhotoPickerPodDemo" */ = {
			isa = XCConfigurationList;
			buildConfigurations = (
				22D98A922CBE5AE0007AE3B3 /* Debug */,
				22D98A932CBE5AE0007AE3B3 /* Release */,
			);
			defaultConfigurationIsVisible = 0;
			defaultConfigurationName = Release;
		};
		22D98A942CBE5AE0007AE3B3 /* Build configuration list for PBXNativeTarget "MMPhotoPickerPodDemo" */ = {
			isa = XCConfigurationList;
			buildConfigurations = (
				22D98A952CBE5AE0007AE3B3 /* Debug */,
				22D98A962CBE5AE0007AE3B3 /* Release */,
			);
			defaultConfigurationIsVisible = 0;
			defaultConfigurationName = Release;
		};
/* End XCConfigurationList section */
	};
	rootObject = 22D98A732CBE5ADD007AE3B3 /* Project object */;
}
